
Microsoft Visual Studio Solution File, Format Version 12.00
# Visual Studio Express 2013 for Windows Desktop
VisualStudioVersion = 12.0.31101.0
MinimumVisualStudioVersion = 10.0.40219.1
Project("{FAE04EC0-301F-11D3-BF4B-00C04F79EFBC}") = "Delaunay02", "Delaunay02\Delaunay02.csproj", "{FA775A9E-A278-47A9-AC59-833171AFE55E}"
EndProject
Global
	GlobalSection(SolutionConfigurationPlatforms) = preSolution
		Debug64|Any CPU = Debug64|Any CPU
		Release|Any CPU = Release|Any CPU
	EndGlobalSection
	GlobalSection(ProjectConfigurationPlatforms) = postSolution
		{FA775A9E-A278-47A9-AC59-833171AFE55E}.Debug64|Any CPU.ActiveCfg = Debug64|Any CPU
		{FA775A9E-A278-47A9-AC59-833171AFE55E}.Debug64|Any CPU.Build.0 = Debug64|Any CPU
		{FA775A9E-A278-47A9-AC59-833171AFE55E}.Release|Any CPU.ActiveCfg = Release|Any CPU
		{FA775A9E-A278-47A9-AC59-833171AFE55E}.Release|Any CPU.Build.0 = Release|Any CPU
	EndGlobalSection
	GlobalSection(SolutionProperties) = preSolution
		HideSolutionNode = FALSE
	EndGlobalSection
EndGlobal
